// !$*UTF8*$!
{
	archiveVersion = 1;
	classes = {
	};
	objectVersion = 46;
	objects = {

/* Begin PBXBuildFile section */
		113E5A421CC1154900E44B13 /* ELNBehaviors.h in Headers */ = {isa = PBXBuildFile; fileRef = 113E5A3B1CC1154900E44B13 /* ELNBehaviors.h */; settings = {ATTRIBUTES = (Public, ); }; };
		113E5A431CC1154900E44B13 /* ELNKeyboardDismissGestureRecognizer.h in Headers */ = {isa = PBXBuildFile; fileRef = 113E5A3C1CC1154900E44B13 /* ELNKeyboardDismissGestureRecognizer.h */; settings = {ATTRIBUTES = (Public, ); }; };
		113E5A441CC1154900E44B13 /* ELNKeyboardDismissGestureRecognizer.m in Sources */ = {isa = PBXBuildFile; fileRef = 113E5A3D1CC1154900E44B13 /* ELNKeyboardDismissGestureRecognizer.m */; };
		113E5A451CC1154900E44B13 /* ELNPaginatedScrollViewBehavior.h in Headers */ = {isa = PBXBuildFile; fileRef = 113E5A3E1CC1154900E44B13 /* ELNPaginatedScrollViewBehavior.h */; settings = {ATTRIBUTES = (Public, ); }; };
		113E5A461CC1154900E44B13 /* ELNPaginatedScrollViewBehavior.m in Sources */ = {isa = PBXBuildFile; fileRef = 113E5A3F1CC1154900E44B13 /* ELNPaginatedScrollViewBehavior.m */; };
		113E5A471CC1154900E44B13 /* ELNTouchesGestureRecognizer.h in Headers */ = {isa = PBXBuildFile; fileRef = 113E5A401CC1154900E44B13 /* ELNTouchesGestureRecognizer.h */; settings = {ATTRIBUTES = (Public, ); }; };
		113E5A481CC1154900E44B13 /* ELNTouchesGestureRecognizer.m in Sources */ = {isa = PBXBuildFile; fileRef = 113E5A411CC1154900E44B13 /* ELNTouchesGestureRecognizer.m */; };
		11601B411CB2792900BE743A /* ELNPaginatedScrollViewBehaviorTests.m in Sources */ = {isa = PBXBuildFile; fileRef = 11601B401CB2792900BE743A /* ELNPaginatedScrollViewBehaviorTests.m */; };
		11601B431CB2792900BE743A /* ELNBehaviors.framework in Frameworks */ = {isa = PBXBuildFile; fileRef = 118973721CAC0778001841C2 /* ELNBehaviors.framework */; };
/* End PBXBuildFile section */

/* Begin PBXContainerItemProxy section */
		11601B441CB2792900BE743A /* PBXContainerItemProxy */ = {
			isa = PBXContainerItemProxy;
			containerPortal = 118973691CAC0778001841C2 /* Project object */;
			proxyType = 1;
			remoteGlobalIDString = 118973711CAC0778001841C2;
			remoteInfo = ELNBehaviors;
		};
/* End PBXContainerItemProxy section */

/* Begin PBXFileReference section */
		113E5A3B1CC1154900E44B13 /* ELNBehaviors.h */ = {isa = PBXFileReference; fileEncoding = 4; lastKnownFileType = sourcecode.c.h; path = ELNBehaviors.h; sourceTree = "<group>"; };
		113E5A3C1CC1154900E44B13 /* ELNKeyboardDismissGestureRecognizer.h */ = {isa = PBXFileReference; fileEncoding = 4; lastKnownFileType = sourcecode.c.h; path = ELNKeyboardDismissGestureRecognizer.h; sourceTree = "<group>"; };
		113E5A3D1CC1154900E44B13 /* ELNKeyboardDismissGestureRecognizer.m */ = {isa = PBXFileReference; fileEncoding = 4; lastKnownFileType = sourcecode.c.objc; path = ELNKeyboardDismissGestureRecognizer.m; sourceTree = "<group>"; };
		113E5A3E1CC1154900E44B13 /* ELNPaginatedScrollViewBehavior.h */ = {isa = PBXFileReference; fileEncoding = 4; lastKnownFileType = sourcecode.c.h; path = ELNPaginatedScrollViewBehavior.h; sourceTree = "<group>"; };
		113E5A3F1CC1154900E44B13 /* ELNPaginatedScrollViewBehavior.m */ = {isa = PBXFileReference; fileEncoding = 4; lastKnownFileType = sourcecode.c.objc; path = ELNPaginatedScrollViewBehavior.m; sourceTree = "<group>"; };
		113E5A401CC1154900E44B13 /* ELNTouchesGestureRecognizer.h */ = {isa = PBXFileReference; fileEncoding = 4; lastKnownFileType = sourcecode.c.h; path = ELNTouchesGestureRecognizer.h; sourceTree = "<group>"; };
		113E5A411CC1154900E44B13 /* ELNTouchesGestureRecognizer.m */ = {isa = PBXFileReference; fileEncoding = 4; lastKnownFileType = sourcecode.c.objc; path = ELNTouchesGestureRecognizer.m; sourceTree = "<group>"; };
		113E5A491CC1156300E44B13 /* Default.xcconfig */ = {isa = PBXFileReference; fileEncoding = 4; lastKnownFileType = text.xcconfig; name = Default.xcconfig; path = ../Framework/Default.xcconfig; sourceTree = "<group>"; };
		113E5A4B1CC1157700E44B13 /* Info.plist */ = {isa = PBXFileReference; lastKnownFileType = text.plist.xml; path = Info.plist; sourceTree = SOURCE_ROOT; };
		11601B3E1CB2792900BE743A /* Tests.xctest */ = {isa = PBXFileReference; explicitFileType = wrapper.cfbundle; includeInIndex = 0; path = Tests.xctest; sourceTree = BUILT_PRODUCTS_DIR; };
		11601B401CB2792900BE743A /* ELNPaginatedScrollViewBehaviorTests.m */ = {isa = PBXFileReference; lastKnownFileType = sourcecode.c.objc; path = ELNPaginatedScrollViewBehaviorTests.m; sourceTree = "<group>"; };
		11601B421CB2792900BE743A /* Info.plist */ = {isa = PBXFileReference; lastKnownFileType = text.plist.xml; path = Info.plist; sourceTree = "<group>"; };
		118973721CAC0778001841C2 /* ELNBehaviors.framework */ = {isa = PBXFileReference; explicitFileType = wrapper.framework; includeInIndex = 0; path = ELNBehaviors.framework; sourceTree = BUILT_PRODUCTS_DIR; };
/* End PBXFileReference section */

/* Begin PBXFrameworksBuildPhase section */
		11601B3B1CB2792900BE743A /* Frameworks */ = {
			isa = PBXFrameworksBuildPhase;
			buildActionMask = 2147483647;
			files = (
				11601B431CB2792900BE743A /* ELNBehaviors.framework in Frameworks */,
			);
			runOnlyForDeploymentPostprocessing = 0;
		};
		1189736E1CAC0778001841C2 /* Frameworks */ = {
			isa = PBXFrameworksBuildPhase;
			buildActionMask = 2147483647;
			files = (
			);
			runOnlyForDeploymentPostprocessing = 0;
		};
/* End PBXFrameworksBuildPhase section */

/* Begin PBXGroup section */
		113E5A3A1CC1154900E44B13 /* Source */ = {
			isa = PBXGroup;
			children = (
				113E5A3B1CC1154900E44B13 /* ELNBehaviors.h */,
				113E5A3C1CC1154900E44B13 /* ELNKeyboardDismissGestureRecognizer.h */,
				113E5A3D1CC1154900E44B13 /* ELNKeyboardDismissGestureRecognizer.m */,
				113E5A3E1CC1154900E44B13 /* ELNPaginatedScrollViewBehavior.h */,
				113E5A3F1CC1154900E44B13 /* ELNPaginatedScrollViewBehavior.m */,
				113E5A401CC1154900E44B13 /* ELNTouchesGestureRecognizer.h */,
				113E5A411CC1154900E44B13 /* ELNTouchesGestureRecognizer.m */,
				113E5A4C1CC1157A00E44B13 /* Supporting Files */,
			);
			name = Source;
			path = ../Source;
			sourceTree = "<group>";
		};
		113E5A4C1CC1157A00E44B13 /* Supporting Files */ = {
			isa = PBXGroup;
			children = (
				113E5A491CC1156300E44B13 /* Default.xcconfig */,
				113E5A4B1CC1157700E44B13 /* Info.plist */,
			);
			name = "Supporting Files";
			sourceTree = "<group>";
		};
		11601B3F1CB2792900BE743A /* Tests */ = {
			isa = PBXGroup;
			children = (
				11601B401CB2792900BE743A /* ELNPaginatedScrollViewBehaviorTests.m */,
				11601B421CB2792900BE743A /* Info.plist */,
			);
			path = Tests;
			sourceTree = "<group>";
		};
		118973681CAC0778001841C2 = {
			isa = PBXGroup;
			children = (
				113E5A3A1CC1154900E44B13 /* Source */,
				11601B3F1CB2792900BE743A /* Tests */,
				118973731CAC0778001841C2 /* Products */,
			);
			sourceTree = "<group>";
		};
		118973731CAC0778001841C2 /* Products */ = {
			isa = PBXGroup;
			children = (
				118973721CAC0778001841C2 /* ELNBehaviors.framework */,
				11601B3E1CB2792900BE743A /* Tests.xctest */,
			);
			name = Products;
			sourceTree = "<group>";
		};
/* End PBXGroup section */

/* Begin PBXHeadersBuildPhase section */
		1189736F1CAC0778001841C2 /* Headers */ = {
			isa = PBXHeadersBuildPhase;
			buildActionMask = 2147483647;
			files = (
				113E5A451CC1154900E44B13 /* ELNPaginatedScrollViewBehavior.h in Headers */,
				113E5A431CC1154900E44B13 /* ELNKeyboardDismissGestureRecognizer.h in Headers */,
				113E5A421CC1154900E44B13 /* ELNBehaviors.h in Headers */,
				113E5A471CC1154900E44B13 /* ELNTouchesGestureRecognizer.h in Headers */,
			);
			runOnlyForDeploymentPostprocessing = 0;
		};
/* End PBXHeadersBuildPhase section */

/* Begin PBXNativeTarget section */
		11601B3D1CB2792900BE743A /* Tests */ = {
			isa = PBXNativeTarget;
			buildConfigurationList = 11601B481CB2792900BE743A /* Build configuration list for PBXNativeTarget "Tests" */;
			buildPhases = (
				11601B3A1CB2792900BE743A /* Sources */,
				11601B3B1CB2792900BE743A /* Frameworks */,
				11601B3C1CB2792900BE743A /* Resources */,
			);
			buildRules = (
			);
			dependencies = (
				11601B451CB2792900BE743A /* PBXTargetDependency */,
			);
			name = Tests;
			productName = Tests;
			productReference = 11601B3E1CB2792900BE743A /* Tests.xctest */;
			productType = "com.apple.product-type.bundle.unit-test";
		};
		118973711CAC0778001841C2 /* ELNBehaviors */ = {
			isa = PBXNativeTarget;
			buildConfigurationList = 1189737A1CAC0778001841C2 /* Build configuration list for PBXNativeTarget "ELNBehaviors" */;
			buildPhases = (
				1189736D1CAC0778001841C2 /* Sources */,
				1189736E1CAC0778001841C2 /* Frameworks */,
				1189736F1CAC0778001841C2 /* Headers */,
				118973701CAC0778001841C2 /* Resources */,
			);
			buildRules = (
			);
			dependencies = (
			);
			name = ELNBehaviors;
			productName = ELNBehaviors;
			productReference = 118973721CAC0778001841C2 /* ELNBehaviors.framework */;
			productType = "com.apple.product-type.framework";
		};
/* End PBXNativeTarget section */

/* Begin PBXProject section */
		118973691CAC0778001841C2 /* Project object */ = {
			isa = PBXProject;
			attributes = {
				LastUpgradeCheck = 0730;
				ORGANIZATIONNAME = "e-legion";
				TargetAttributes = {
					11601B3D1CB2792900BE743A = {
						CreatedOnToolsVersion = 7.3;
					};
					118973711CAC0778001841C2 = {
						CreatedOnToolsVersion = 7.3;
					};
				};
			};
			buildConfigurationList = 1189736C1CAC0778001841C2 /* Build configuration list for PBXProject "ELNBehaviors" */;
			compatibilityVersion = "Xcode 3.2";
			developmentRegion = English;
			hasScannedForEncodings = 0;
			knownRegions = (
				en,
			);
			mainGroup = 118973681CAC0778001841C2;
			productRefGroup = 118973731CAC0778001841C2 /* Products */;
			projectDirPath = "";
			projectRoot = "";
			targets = (
				118973711CAC0778001841C2 /* ELNBehaviors */,
				11601B3D1CB2792900BE743A /* Tests */,
			);
		};
/* End PBXProject section */

/* Begin PBXResourcesBuildPhase section */
		11601B3C1CB2792900BE743A /* Resources */ = {
			isa = PBXResourcesBuildPhase;
			buildActionMask = 2147483647;
			files = (
			);
			runOnlyForDeploymentPostprocessing = 0;
		};
		118973701CAC0778001841C2 /* Resources */ = {
			isa = PBXResourcesBuildPhase;
			buildActionMask = 2147483647;
			files = (
			);
			runOnlyForDeploymentPostprocessing = 0;
		};
/* End PBXResourcesBuildPhase section */

/* Begin PBXSourcesBuildPhase section */
		11601B3A1CB2792900BE743A /* Sources */ = {
			isa = PBXSourcesBuildPhase;
			buildActionMask = 2147483647;
			files = (
				11601B411CB2792900BE743A /* ELNPaginatedScrollViewBehaviorTests.m in Sources */,
			);
			runOnlyForDeploymentPostprocessing = 0;
		};
		1189736D1CAC0778001841C2 /* Sources */ = {
			isa = PBXSourcesBuildPhase;
			buildActionMask = 2147483647;
			files = (
				113E5A461CC1154900E44B13 /* ELNPaginatedScrollViewBehavior.m in Sources */,
				113E5A481CC1154900E44B13 /* ELNTouchesGestureRecognizer.m in Sources */,
				113E5A441CC1154900E44B13 /* ELNKeyboardDismissGestureRecognizer.m in Sources */,
			);
			runOnlyForDeploymentPostprocessing = 0;
		};
/* End PBXSourcesBuildPhase section */

/* Begin PBXTargetDependency section */
		11601B451CB2792900BE743A /* PBXTargetDependency */ = {
			isa = PBXTargetDependency;
			target = 118973711CAC0778001841C2 /* ELNBehaviors */;
			targetProxy = 11601B441CB2792900BE743A /* PBXContainerItemProxy */;
		};
/* End PBXTargetDependency section */

/* Begin XCBuildConfiguration section */
		11601B461CB2792900BE743A /* Debug */ = {
			isa = XCBuildConfiguration;
			buildSettings = {
				INFOPLIST_FILE = Tests/Info.plist;
				IPHONEOS_DEPLOYMENT_TARGET = 9.3;
				LD_RUNPATH_SEARCH_PATHS = "$(inherited) @executable_path/Frameworks @loader_path/Frameworks";
				PRODUCT_BUNDLE_IDENTIFIER = "com.e-legion.Tests";
				PRODUCT_NAME = "$(TARGET_NAME)";
			};
			name = Debug;
		};
		11601B471CB2792900BE743A /* Release */ = {
			isa = XCBuildConfiguration;
			buildSettings = {
				INFOPLIST_FILE = Tests/Info.plist;
				IPHONEOS_DEPLOYMENT_TARGET = 9.3;
				LD_RUNPATH_SEARCH_PATHS = "$(inherited) @executable_path/Frameworks @loader_path/Frameworks";
				PRODUCT_BUNDLE_IDENTIFIER = "com.e-legion.Tests";
				PRODUCT_NAME = "$(TARGET_NAME)";
			};
			name = Release;
		};
		118973781CAC0778001841C2 /* Debug */ = {
			isa = XCBuildConfiguration;
			baseConfigurationReference = 113E5A491CC1156300E44B13 /* Default.xcconfig */;
			buildSettings = {
				ALWAYS_SEARCH_USER_PATHS = NO;
				CLANG_ANALYZER_NONNULL = YES;
				CLANG_CXX_LANGUAGE_STANDARD = "gnu++0x";
				CLANG_CXX_LIBRARY = "libc++";
				CLANG_ENABLE_MODULES = YES;
				CLANG_ENABLE_OBJC_ARC = YES;
				CLANG_WARN_BOOL_CONVERSION = YES;
				CLANG_WARN_CONSTANT_CONVERSION = YES;
				CLANG_WARN_DIRECT_OBJC_ISA_USAGE = YES_ERROR;
				CLANG_WARN_EMPTY_BODY = YES;
				CLANG_WARN_ENUM_CONVERSION = YES;
				CLANG_WARN_INT_CONVERSION = YES;
				CLANG_WARN_OBJC_ROOT_CLASS = YES_ERROR;
				CLANG_WARN_UNREACHABLE_CODE = YES;
				CLANG_WARN__DUPLICATE_METHOD_MATCH = YES;
				"CODE_SIGN_IDENTITY[sdk=iphoneos*]" = "iPhone Developer";
				COPY_PHASE_STRIP = NO;
				CURRENT_PROJECT_VERSION = 1;
				DEBUG_INFORMATION_FORMAT = dwarf;
				ENABLE_STRICT_OBJC_MSGSEND = YES;
				ENABLE_TESTABILITY = YES;
				GCC_C_LANGUAGE_STANDARD = gnu99;
				GCC_DYNAMIC_NO_PIC = NO;
				GCC_NO_COMMON_BLOCKS = YES;
				GCC_OPTIMIZATION_LEVEL = 0;
				GCC_PREPROCESSOR_DEFINITIONS = (
					"DEBUG=1",
					"$(inherited)",
				);
				GCC_WARN_64_TO_32_BIT_CONVERSION = YES;
				GCC_WARN_ABOUT_RETURN_TYPE = YES_ERROR;
				GCC_WARN_UNDECLARED_SELECTOR = YES;
				GCC_WARN_UNINITIALIZED_AUTOS = YES_AGGRESSIVE;
				GCC_WARN_UNUSED_FUNCTION = YES;
				GCC_WARN_UNUSED_VARIABLE = YES;
				IPHONEOS_DEPLOYMENT_TARGET = 8.0;
				MTL_ENABLE_DEBUG_INFO = YES;
				ONLY_ACTIVE_ARCH = YES;
				SDKROOT = iphoneos;
				TARGETED_DEVICE_FAMILY = "1,2";
				VERSIONING_SYSTEM = "apple-generic";
				VERSION_INFO_PREFIX = "";
			};
			name = Debug;
		};
		118973791CAC0778001841C2 /* Release */ = {
			isa = XCBuildConfiguration;
			baseConfigurationReference = 113E5A491CC1156300E44B13 /* Default.xcconfig */;
			buildSettings = {
				ALWAYS_SEARCH_USER_PATHS = NO;
				CLANG_ANALYZER_NONNULL = YES;
				CLANG_CXX_LANGUAGE_STANDARD = "gnu++0x";
				CLANG_CXX_LIBRARY = "libc++";
				CLANG_ENABLE_MODULES = YES;
				CLANG_ENABLE_OBJC_ARC = YES;
				CLANG_WARN_BOOL_CONVERSION = YES;
				CLANG_WARN_CONSTANT_CONVERSION = YES;
				CLANG_WARN_DIRECT_OBJC_ISA_USAGE = YES_ERROR;
				CLANG_WARN_EMPTY_BODY = YES;
				CLANG_WARN_ENUM_CONVERSION = YES;
				CLANG_WARN_INT_CONVERSION = YES;
				CLANG_WARN_OBJC_ROOT_CLASS = YES_ERROR;
				CLANG_WARN_UNREACHABLE_CODE = YES;
				CLANG_WARN__DUPLICATE_METHOD_MATCH = YES;
				"CODE_SIGN_IDENTITY[sdk=iphoneos*]" = "iPhone Developer";
				COPY_PHASE_STRIP = NO;
				CURRENT_PROJECT_VERSION = 1;
				DEBUG_INFORMATION_FORMAT = "dwarf-with-dsym";
				ENABLE_NS_ASSERTIONS = NO;
				ENABLE_STRICT_OBJC_MSGSEND = YES;
				GCC_C_LANGUAGE_STANDARD = gnu99;
				GCC_NO_COMMON_BLOCKS = YES;
				GCC_WARN_64_TO_32_BIT_CONVERSION = YES;
				GCC_WARN_ABOUT_RETURN_TYPE = YES_ERROR;
				GCC_WARN_UNDECLARED_SELECTOR = YES;
				GCC_WARN_UNINITIALIZED_AUTOS = YES_AGGRESSIVE;
				GCC_WARN_UNUSED_FUNCTION = YES;
				GCC_WARN_UNUSED_VARIABLE = YES;
				IPHONEOS_DEPLOYMENT_TARGET = 8.0;
				MTL_ENABLE_DEBUG_INFO = NO;
				SDKROOT = iphoneos;
				TARGETED_DEVICE_FAMILY = "1,2";
				VALIDATE_PRODUCT = YES;
				VERSIONING_SYSTEM = "apple-generic";
				VERSION_INFO_PREFIX = "";
			};
			name = Release;
		};
		1189737B1CAC0778001841C2 /* Debug */ = {
			isa = XCBuildConfiguration;
			buildSettings = {
				DEFINES_MODULE = YES;
				DYLIB_COMPATIBILITY_VERSION = 1;
				DYLIB_CURRENT_VERSION = 1;
				DYLIB_INSTALL_NAME_BASE = "@rpath";
				INFOPLIST_FILE = "$(SRCROOT)/Info.plist";
				INSTALL_PATH = "$(LOCAL_LIBRARY_DIR)/Frameworks";
				LD_RUNPATH_SEARCH_PATHS = "$(inherited) @executable_path/Frameworks @loader_path/Frameworks";
				PRODUCT_BUNDLE_IDENTIFIER = "com.e-legion.ELNBehaviors";
				PRODUCT_NAME = "$(TARGET_NAME)";
				SKIP_INSTALL = YES;
			};
			name = Debug;
		};
		1189737C1CAC0778001841C2 /* Release */ = {
			isa = XCBuildConfiguration;
			buildSettings = {
				DEFINES_MODULE = YES;
				DYLIB_COMPATIBILITY_VERSION = 1;
				DYLIB_CURRENT_VERSION = 1;
				DYLIB_INSTALL_NAME_BASE = "@rpath";
				INFOPLIST_FILE = "$(SRCROOT)/Info.plist";
				INSTALL_PATH = "$(LOCAL_LIBRARY_DIR)/Frameworks";
				LD_RUNPATH_SEARCH_PATHS = "$(inherited) @executable_path/Frameworks @loader_path/Frameworks";
				PRODUCT_BUNDLE_IDENTIFIER = "com.e-legion.ELNBehaviors";
				PRODUCT_NAME = "$(TARGET_NAME)";
				SKIP_INSTALL = YES;
			};
			name = Release;
		};
/* End XCBuildConfiguration section */

/* Begin XCConfigurationList section */
		11601B481CB2792900BE743A /* Build configuration list for PBXNativeTarget "Tests" */ = {
			isa = XCConfigurationList;
			buildConfigurations = (
				11601B461CB2792900BE743A /* Debug */,
				11601B471CB2792900BE743A /* Release */,
			);
			defaultConfigurationIsVisible = 0;
			defaultConfigurationName = Release;
		};
		1189736C1CAC0778001841C2 /* Build configuration list for PBXProject "ELNBehaviors" */ = {
			isa = XCConfigurationList;
			buildConfigurations = (
				118973781CAC0778001841C2 /* Debug */,
				118973791CAC0778001841C2 /* Release */,
			);
			defaultConfigurationIsVisible = 0;
			defaultConfigurationName = Release;
		};
		1189737A1CAC0778001841C2 /* Build configuration list for PBXNativeTarget "ELNBehaviors" */ = {
			isa = XCConfigurationList;
			buildConfigurations = (
				1189737B1CAC0778001841C2 /* Debug */,
				1189737C1CAC0778001841C2 /* Release */,
			);
			defaultConfigurationIsVisible = 0;
			defaultConfigurationName = Release;
		};
/* End XCConfigurationList section */
	};
	rootObject = 118973691CAC0778001841C2 /* Project object */;
}
