// !$*UTF8*$!
{
	archiveVersion = 1;
	classes = {
	};
	objectVersion = 46;
	objects = {

/* Begin PBXBuildFile section */
		1189734C1CAC0605001841C2 /* main.m in Sources */ = {isa = PBXBuildFile; fileRef = 1189734B1CAC0605001841C2 /* main.m */; };
		1189734F1CAC0605001841C2 /* AppDelegate.m in Sources */ = {isa = PBXBuildFile; fileRef = 1189734E1CAC0605001841C2 /* AppDelegate.m */; };
		118973521CAC0605001841C2 /* PaginatedScrollViewController.m in Sources */ = {isa = PBXBuildFile; fileRef = 118973511CAC0605001841C2 /* PaginatedScrollViewController.m */; };
		118973551CAC0605001841C2 /* Main.storyboard in Resources */ = {isa = PBXBuildFile; fileRef = 118973531CAC0605001841C2 /* Main.storyboard */; };
		118973571CAC0605001841C2 /* Assets.xcassets in Resources */ = {isa = PBXBuildFile; fileRef = 118973561CAC0605001841C2 /* Assets.xcassets */; };
		1189735A1CAC0605001841C2 /* LaunchScreen.storyboard in Resources */ = {isa = PBXBuildFile; fileRef = 118973581CAC0605001841C2 /* LaunchScreen.storyboard */; };
		1189738B1CAC0839001841C2 /* ELNBehaviors.framework in Frameworks */ = {isa = PBXBuildFile; fileRef = 118973671CAC06FC001841C2 /* ELNBehaviors.framework */; };
		1189738E1CAC0948001841C2 /* CollectionViewCell.m in Sources */ = {isa = PBXBuildFile; fileRef = 1189738D1CAC0948001841C2 /* CollectionViewCell.m */; };
		118973951CAC0C08001841C2 /* MenuViewController.m in Sources */ = {isa = PBXBuildFile; fileRef = 118973941CAC0C08001841C2 /* MenuViewController.m */; };
		118973991CAC0F39001841C2 /* KeyboardViewController.m in Sources */ = {isa = PBXBuildFile; fileRef = 118973981CAC0F39001841C2 /* KeyboardViewController.m */; };
/* End PBXBuildFile section */

/* Begin PBXContainerItemProxy section */
		118973661CAC06FC001841C2 /* PBXContainerItemProxy */ = {
			isa = PBXContainerItemProxy;
			containerPortal = 118973621CAC06FC001841C2 /* ELNBehaviors.xcodeproj */;
			proxyType = 2;
			remoteGlobalIDString = 115C094C1CAAC17600DA9371;
			remoteInfo = ELNBehaviors;
		};
/* End PBXContainerItemProxy section */

/* Begin PBXFileReference section */
		118973471CAC0605001841C2 /* Example.app */ = {isa = PBXFileReference; explicitFileType = wrapper.application; includeInIndex = 0; path = Example.app; sourceTree = BUILT_PRODUCTS_DIR; };
		1189734B1CAC0605001841C2 /* main.m */ = {isa = PBXFileReference; lastKnownFileType = sourcecode.c.objc; path = main.m; sourceTree = "<group>"; };
		1189734D1CAC0605001841C2 /* AppDelegate.h */ = {isa = PBXFileReference; lastKnownFileType = sourcecode.c.h; path = AppDelegate.h; sourceTree = "<group>"; };
		1189734E1CAC0605001841C2 /* AppDelegate.m */ = {isa = PBXFileReference; lastKnownFileType = sourcecode.c.objc; path = AppDelegate.m; sourceTree = "<group>"; };
		118973501CAC0605001841C2 /* PaginatedScrollViewController.h */ = {isa = PBXFileReference; lastKnownFileType = sourcecode.c.h; path = PaginatedScrollViewController.h; sourceTree = "<group>"; };
		118973511CAC0605001841C2 /* PaginatedScrollViewController.m */ = {isa = PBXFileReference; lastKnownFileType = sourcecode.c.objc; path = PaginatedScrollViewController.m; sourceTree = "<group>"; };
		118973541CAC0605001841C2 /* Base */ = {isa = PBXFileReference; lastKnownFileType = file.storyboard; name = Base; path = Base.lproj/Main.storyboard; sourceTree = "<group>"; };
		118973561CAC0605001841C2 /* Assets.xcassets */ = {isa = PBXFileReference; lastKnownFileType = folder.assetcatalog; path = Assets.xcassets; sourceTree = "<group>"; };
		118973591CAC0605001841C2 /* Base */ = {isa = PBXFileReference; lastKnownFileType = file.storyboard; name = Base; path = Base.lproj/LaunchScreen.storyboard; sourceTree = "<group>"; };
		1189735B1CAC0605001841C2 /* Info.plist */ = {isa = PBXFileReference; lastKnownFileType = text.plist.xml; path = Info.plist; sourceTree = "<group>"; };
		118973611CAC0614001841C2 /* Default.xcconfig */ = {isa = PBXFileReference; lastKnownFileType = text.xcconfig; name = Default.xcconfig; path = ../Default.xcconfig; sourceTree = "<group>"; };
		118973621CAC06FC001841C2 /* ELNBehaviors.xcodeproj */ = {isa = PBXFileReference; lastKnownFileType = "wrapper.pb-project"; name = ELNBehaviors.xcodeproj; path = ../ELNBehaviors.xcodeproj; sourceTree = "<group>"; };
		1189738C1CAC0948001841C2 /* CollectionViewCell.h */ = {isa = PBXFileReference; fileEncoding = 4; lastKnownFileType = sourcecode.c.h; path = CollectionViewCell.h; sourceTree = "<group>"; };
		1189738D1CAC0948001841C2 /* CollectionViewCell.m */ = {isa = PBXFileReference; fileEncoding = 4; lastKnownFileType = sourcecode.c.objc; path = CollectionViewCell.m; sourceTree = "<group>"; };
		118973931CAC0C08001841C2 /* MenuViewController.h */ = {isa = PBXFileReference; fileEncoding = 4; lastKnownFileType = sourcecode.c.h; path = MenuViewController.h; sourceTree = "<group>"; };
		118973941CAC0C08001841C2 /* MenuViewController.m */ = {isa = PBXFileReference; fileEncoding = 4; lastKnownFileType = sourcecode.c.objc; path = MenuViewController.m; sourceTree = "<group>"; };
		118973971CAC0F39001841C2 /* KeyboardViewController.h */ = {isa = PBXFileReference; fileEncoding = 4; lastKnownFileType = sourcecode.c.h; path = KeyboardViewController.h; sourceTree = "<group>"; };
		118973981CAC0F39001841C2 /* KeyboardViewController.m */ = {isa = PBXFileReference; fileEncoding = 4; lastKnownFileType = sourcecode.c.objc; path = KeyboardViewController.m; sourceTree = "<group>"; };
/* End PBXFileReference section */

/* Begin PBXFrameworksBuildPhase section */
		118973441CAC0605001841C2 /* Frameworks */ = {
			isa = PBXFrameworksBuildPhase;
			buildActionMask = 2147483647;
			files = (
				1189738B1CAC0839001841C2 /* ELNBehaviors.framework in Frameworks */,
			);
			runOnlyForDeploymentPostprocessing = 0;
		};
/* End PBXFrameworksBuildPhase section */

/* Begin PBXGroup section */
		1189733E1CAC0605001841C2 = {
			isa = PBXGroup;
			children = (
				118973611CAC0614001841C2 /* Default.xcconfig */,
				118973621CAC06FC001841C2 /* ELNBehaviors.xcodeproj */,
				118973491CAC0605001841C2 /* Example */,
				118973481CAC0605001841C2 /* Products */,
			);
			sourceTree = "<group>";
		};
		118973481CAC0605001841C2 /* Products */ = {
			isa = PBXGroup;
			children = (
				118973471CAC0605001841C2 /* Example.app */,
			);
			name = Products;
			sourceTree = "<group>";
		};
		118973491CAC0605001841C2 /* Example */ = {
			isa = PBXGroup;
			children = (
				1189738F1CAC0BBA001841C2 /* Application */,
				118973901CAC0BC0001841C2 /* Resources */,
				118973911CAC0BC8001841C2 /* Screens */,
				118973921CAC0BCD001841C2 /* Supporting Files */,
				118973961CAC0C38001841C2 /* Views */,
			);
			path = Example;
			sourceTree = "<group>";
		};
		118973631CAC06FC001841C2 /* Products */ = {
			isa = PBXGroup;
			children = (
				118973671CAC06FC001841C2 /* ELNBehaviors.framework */,
			);
			name = Products;
			sourceTree = "<group>";
		};
		1189738F1CAC0BBA001841C2 /* Application */ = {
			isa = PBXGroup;
			children = (
				1189734D1CAC0605001841C2 /* AppDelegate.h */,
				1189734E1CAC0605001841C2 /* AppDelegate.m */,
			);
			name = Application;
			sourceTree = "<group>";
		};
		118973901CAC0BC0001841C2 /* Resources */ = {
			isa = PBXGroup;
			children = (
				118973561CAC0605001841C2 /* Assets.xcassets */,
				118973581CAC0605001841C2 /* LaunchScreen.storyboard */,
				118973531CAC0605001841C2 /* Main.storyboard */,
			);
			name = Resources;
			sourceTree = "<group>";
		};
		118973911CAC0BC8001841C2 /* Screens */ = {
			isa = PBXGroup;
			children = (
				118973971CAC0F39001841C2 /* KeyboardViewController.h */,
				118973981CAC0F39001841C2 /* KeyboardViewController.m */,
				118973931CAC0C08001841C2 /* MenuViewController.h */,
				118973941CAC0C08001841C2 /* MenuViewController.m */,
				118973501CAC0605001841C2 /* PaginatedScrollViewController.h */,
				118973511CAC0605001841C2 /* PaginatedScrollViewController.m */,
			);
			name = Screens;
			sourceTree = "<group>";
		};
		118973921CAC0BCD001841C2 /* Supporting Files */ = {
			isa = PBXGroup;
			children = (
				1189735B1CAC0605001841C2 /* Info.plist */,
				1189734B1CAC0605001841C2 /* main.m */,
			);
			name = "Supporting Files";
			sourceTree = "<group>";
		};
		118973961CAC0C38001841C2 /* Views */ = {
			isa = PBXGroup;
			children = (
				1189738C1CAC0948001841C2 /* CollectionViewCell.h */,
				1189738D1CAC0948001841C2 /* CollectionViewCell.m */,
			);
			name = Views;
			sourceTree = "<group>";
		};
/* End PBXGroup section */

/* Begin PBXNativeTarget section */
		118973461CAC0605001841C2 /* Example */ = {
			isa = PBXNativeTarget;
			buildConfigurationList = 1189735E1CAC0605001841C2 /* Build configuration list for PBXNativeTarget "Example" */;
			buildPhases = (
				118973431CAC0605001841C2 /* Sources */,
				118973441CAC0605001841C2 /* Frameworks */,
				118973451CAC0605001841C2 /* Resources */,
			);
			buildRules = (
			);
			dependencies = (
			);
			name = Example;
			productName = Example;
			productReference = 118973471CAC0605001841C2 /* Example.app */;
			productType = "com.apple.product-type.application";
		};
/* End PBXNativeTarget section */

/* Begin PBXProject section */
		1189733F1CAC0605001841C2 /* Project object */ = {
			isa = PBXProject;
			attributes = {
				LastUpgradeCheck = 0730;
				ORGANIZATIONNAME = "e-legion";
				TargetAttributes = {
					118973461CAC0605001841C2 = {
						CreatedOnToolsVersion = 7.3;
					};
				};
			};
			buildConfigurationList = 118973421CAC0605001841C2 /* Build configuration list for PBXProject "Example" */;
			compatibilityVersion = "Xcode 3.2";
			developmentRegion = English;
			hasScannedForEncodings = 0;
			knownRegions = (
				en,
				Base,
			);
			mainGroup = 1189733E1CAC0605001841C2;
			productRefGroup = 118973481CAC0605001841C2 /* Products */;
			projectDirPath = "";
			projectReferences = (
				{
					ProductGroup = 118973631CAC06FC001841C2 /* Products */;
					ProjectRef = 118973621CAC06FC001841C2 /* ELNBehaviors.xcodeproj */;
				},
			);
			projectRoot = "";
			targets = (
				118973461CAC0605001841C2 /* Example */,
			);
		};
/* End PBXProject section */

/* Begin PBXReferenceProxy section */
		118973671CAC06FC001841C2 /* ELNBehaviors.framework */ = {
			isa = PBXReferenceProxy;
			fileType = wrapper.framework;
			path = ELNBehaviors.framework;
			remoteRef = 118973661CAC06FC001841C2 /* PBXContainerItemProxy */;
			sourceTree = BUILT_PRODUCTS_DIR;
		};
/* End PBXReferenceProxy section */

/* Begin PBXResourcesBuildPhase section */
		118973451CAC0605001841C2 /* Resources */ = {
			isa = PBXResourcesBuildPhase;
			buildActionMask = 2147483647;
			files = (
				1189735A1CAC0605001841C2 /* LaunchScreen.storyboard in Resources */,
				118973571CAC0605001841C2 /* Assets.xcassets in Resources */,
				118973551CAC0605001841C2 /* Main.storyboard in Resources */,
			);
			runOnlyForDeploymentPostprocessing = 0;
		};
/* End PBXResourcesBuildPhase section */

/* Begin PBXSourcesBuildPhase section */
		118973431CAC0605001841C2 /* Sources */ = {
			isa = PBXSourcesBuildPhase;
			buildActionMask = 2147483647;
			files = (
				118973521CAC0605001841C2 /* PaginatedScrollViewController.m in Sources */,
				118973991CAC0F39001841C2 /* KeyboardViewController.m in Sources */,
				1189734F1CAC0605001841C2 /* AppDelegate.m in Sources */,
				1189738E1CAC0948001841C2 /* CollectionViewCell.m in Sources */,
				1189734C1CAC0605001841C2 /* main.m in Sources */,
				118973951CAC0C08001841C2 /* MenuViewController.m in Sources */,
			);
			runOnlyForDeploymentPostprocessing = 0;
		};
/* End PBXSourcesBuildPhase section */

/* Begin PBXVariantGroup section */
		118973531CAC0605001841C2 /* Main.storyboard */ = {
			isa = PBXVariantGroup;
			children = (
				118973541CAC0605001841C2 /* Base */,
			);
			name = Main.storyboard;
			sourceTree = "<group>";
		};
		118973581CAC0605001841C2 /* LaunchScreen.storyboard */ = {
			isa = PBXVariantGroup;
			children = (
				118973591CAC0605001841C2 /* Base */,
			);
			name = LaunchScreen.storyboard;
			sourceTree = "<group>";
		};
/* End PBXVariantGroup section */

/* Begin XCBuildConfiguration section */
		1189735C1CAC0605001841C2 /* Debug */ = {
			isa = XCBuildConfiguration;
			baseConfigurationReference = 118973611CAC0614001841C2 /* Default.xcconfig */;
			buildSettings = {
				ALWAYS_SEARCH_USER_PATHS = NO;
				CLANG_ANALYZER_NONNULL = YES;
				CLANG_CXX_LANGUAGE_STANDARD = "gnu++0x";
				CLANG_CXX_LIBRARY = "libc++";
				CLANG_ENABLE_MODULES = YES;
				CLANG_ENABLE_OBJC_ARC = YES;
				CLANG_WARN_BOOL_CONVERSION = YES;
				CLANG_WARN_CONSTANT_CONVERSION = YES;
				CLANG_WARN_DIRECT_OBJC_ISA_USAGE = YES_ERROR;
				CLANG_WARN_EMPTY_BODY = YES;
				CLANG_WARN_ENUM_CONVERSION = YES;
				CLANG_WARN_INT_CONVERSION = YES;
				CLANG_WARN_OBJC_ROOT_CLASS = YES_ERROR;
				CLANG_WARN_UNREACHABLE_CODE = YES;
				CLANG_WARN__DUPLICATE_METHOD_MATCH = YES;
				"CODE_SIGN_IDENTITY[sdk=iphoneos*]" = "iPhone Developer";
				COPY_PHASE_STRIP = NO;
				DEBUG_INFORMATION_FORMAT = dwarf;
				ENABLE_STRICT_OBJC_MSGSEND = YES;
				ENABLE_TESTABILITY = YES;
				GCC_C_LANGUAGE_STANDARD = gnu99;
				GCC_DYNAMIC_NO_PIC = NO;
				GCC_NO_COMMON_BLOCKS = YES;
				GCC_OPTIMIZATION_LEVEL = 0;
				GCC_PREPROCESSOR_DEFINITIONS = (
					"DEBUG=1",
					"$(inherited)",
				);
				GCC_WARN_64_TO_32_BIT_CONVERSION = YES;
				GCC_WARN_ABOUT_RETURN_TYPE = YES_ERROR;
				GCC_WARN_UNDECLARED_SELECTOR = YES;
				GCC_WARN_UNINITIALIZED_AUTOS = YES_AGGRESSIVE;
				GCC_WARN_UNUSED_FUNCTION = YES;
				GCC_WARN_UNUSED_VARIABLE = YES;
				IPHONEOS_DEPLOYMENT_TARGET = 8.0;
				MTL_ENABLE_DEBUG_INFO = YES;
				ONLY_ACTIVE_ARCH = YES;
				SDKROOT = iphoneos;
			};
			name = Debug;
		};
		1189735D1CAC0605001841C2 /* Release */ = {
			isa = XCBuildConfiguration;
			baseConfigurationReference = 118973611CAC0614001841C2 /* Default.xcconfig */;
			buildSettings = {
				ALWAYS_SEARCH_USER_PATHS = NO;
				CLANG_ANALYZER_NONNULL = YES;
				CLANG_CXX_LANGUAGE_STANDARD = "gnu++0x";
				CLANG_CXX_LIBRARY = "libc++";
				CLANG_ENABLE_MODULES = YES;
				CLANG_ENABLE_OBJC_ARC = YES;
				CLANG_WARN_BOOL_CONVERSION = YES;
				CLANG_WARN_CONSTANT_CONVERSION = YES;
				CLANG_WARN_DIRECT_OBJC_ISA_USAGE = YES_ERROR;
				CLANG_WARN_EMPTY_BODY = YES;
				CLANG_WARN_ENUM_CONVERSION = YES;
				CLANG_WARN_INT_CONVERSION = YES;
				CLANG_WARN_OBJC_ROOT_CLASS = YES_ERROR;
				CLANG_WARN_UNREACHABLE_CODE = YES;
				CLANG_WARN__DUPLICATE_METHOD_MATCH = YES;
				"CODE_SIGN_IDENTITY[sdk=iphoneos*]" = "iPhone Developer";
				COPY_PHASE_STRIP = NO;
				DEBUG_INFORMATION_FORMAT = "dwarf-with-dsym";
				ENABLE_NS_ASSERTIONS = NO;
				ENABLE_STRICT_OBJC_MSGSEND = YES;
				GCC_C_LANGUAGE_STANDARD = gnu99;
				GCC_NO_COMMON_BLOCKS = YES;
				GCC_WARN_64_TO_32_BIT_CONVERSION = YES;
				GCC_WARN_ABOUT_RETURN_TYPE = YES_ERROR;
				GCC_WARN_UNDECLARED_SELECTOR = YES;
				GCC_WARN_UNINITIALIZED_AUTOS = YES_AGGRESSIVE;
				GCC_WARN_UNUSED_FUNCTION = YES;
				GCC_WARN_UNUSED_VARIABLE = YES;
				IPHONEOS_DEPLOYMENT_TARGET = 8.0;
				MTL_ENABLE_DEBUG_INFO = NO;
				SDKROOT = iphoneos;
				VALIDATE_PRODUCT = YES;
			};
			name = Release;
		};
		1189735F1CAC0605001841C2 /* Debug */ = {
			isa = XCBuildConfiguration;
			buildSettings = {
				ASSETCATALOG_COMPILER_APPICON_NAME = AppIcon;
				INFOPLIST_FILE = Example/Info.plist;
				LD_RUNPATH_SEARCH_PATHS = "$(inherited) @executable_path/Frameworks";
				PRODUCT_BUNDLE_IDENTIFIER = "com.e-legion.Example";
				PRODUCT_NAME = "$(TARGET_NAME)";
			};
			name = Debug;
		};
		118973601CAC0605001841C2 /* Release */ = {
			isa = XCBuildConfiguration;
			buildSettings = {
				ASSETCATALOG_COMPILER_APPICON_NAME = AppIcon;
				INFOPLIST_FILE = Example/Info.plist;
				LD_RUNPATH_SEARCH_PATHS = "$(inherited) @executable_path/Frameworks";
				PRODUCT_BUNDLE_IDENTIFIER = "com.e-legion.Example";
				PRODUCT_NAME = "$(TARGET_NAME)";
			};
			name = Release;
		};
/* End XCBuildConfiguration section */

/* Begin XCConfigurationList section */
		118973421CAC0605001841C2 /* Build configuration list for PBXProject "Example" */ = {
			isa = XCConfigurationList;
			buildConfigurations = (
				1189735C1CAC0605001841C2 /* Debug */,
				1189735D1CAC0605001841C2 /* Release */,
			);
			defaultConfigurationIsVisible = 0;
			defaultConfigurationName = Release;
		};
		1189735E1CAC0605001841C2 /* Build configuration list for PBXNativeTarget "Example" */ = {
			isa = XCConfigurationList;
			buildConfigurations = (
				1189735F1CAC0605001841C2 /* Debug */,
				118973601CAC0605001841C2 /* Release */,
			);
			defaultConfigurationIsVisible = 0;
			defaultConfigurationName = Release;
		};
/* End XCConfigurationList section */
	};
	rootObject = 1189733F1CAC0605001841C2 /* Project object */;
}
